
Microsoft Visual Studio Solution File, Format Version 12.00
# Visual Studio 15
VisualStudioVersion = 15.0.27703.2035
MinimumVisualStudioVersion = 10.0.40219.1
Project("{9A19103F-16F7-4668-BE54-9A1E7A4F7556}") = "ChatService", "ChatService\ChatService.csproj", "{8C7E0537-3208-4C25-B8CF-0FFB992A14D3}"
EndProject
Project("{9A19103F-16F7-4668-BE54-9A1E7A4F7556}") = "ChatService.Common", "ChatService.Common\ChatService.Common.csproj", "{AAF758BE-EFBF-4898-93C4-0C697D92A434}"
EndProject
Project("{9A19103F-16F7-4668-BE54-9A1E7A4F7556}") = "ChatService.Client", "ChatService.Client\ChatService.Client.csproj", "{D7431D23-8452-4BE6-A065-F9B0F680F1DA}"
EndProject
Project("{9A19103F-16F7-4668-BE54-9A1E7A4F7556}") = "ChatServiceTests", "ChatServiceTests\ChatServiceTests.csproj", "{34C8E40E-A6E3-4E78-9872-8004241219C3}"
EndProject
Project("{D954291E-2A0B-460D-934E-DC6B0785DB48}") = "ChatService.Configuration", "ChatService.Configuration\ChatService.Configuration.shproj", "{C4F5C868-AFF5-4DC0-AABD-EF391F3C2956}"
EndProject
Project("{9A19103F-16F7-4668-BE54-9A1E7A4F7556}") = "ChatServiceFunctionalTests", "ChatServiceFunctionalTests\ChatServiceFunctionalTests.csproj", "{E0C1C235-A019-44CD-98F5-EFA41B525CA2}"
EndProject
Global
	GlobalSection(SharedMSBuildProjectFiles) = preSolution
		ChatService.Configuration\ChatService.Configuration.projitems*{c4f5c868-aff5-4dc0-aabd-ef391f3c2956}*SharedItemsImports = 13
	EndGlobalSection
	GlobalSection(SolutionConfigurationPlatforms) = preSolution
		Debug|Any CPU = Debug|Any CPU
		Release|Any CPU = Release|Any CPU
	EndGlobalSection
	GlobalSection(ProjectConfigurationPlatforms) = postSolution
		{8C7E0537-3208-4C25-B8CF-0FFB992A14D3}.Debug|Any CPU.ActiveCfg = Debug|Any CPU
		{8C7E0537-3208-4C25-B8CF-0FFB992A14D3}.Debug|Any CPU.Build.0 = Debug|Any CPU
		{8C7E0537-3208-4C25-B8CF-0FFB992A14D3}.Release|Any CPU.ActiveCfg = Release|Any CPU
		{8C7E0537-3208-4C25-B8CF-0FFB992A14D3}.Release|Any CPU.Build.0 = Release|Any CPU
		{AAF758BE-EFBF-4898-93C4-0C697D92A434}.Debug|Any CPU.ActiveCfg = Debug|Any CPU
		{AAF758BE-EFBF-4898-93C4-0C697D92A434}.Debug|Any CPU.Build.0 = Debug|Any CPU
		{AAF758BE-EFBF-4898-93C4-0C697D92A434}.Release|Any CPU.ActiveCfg = Release|Any CPU
		{AAF758BE-EFBF-4898-93C4-0C697D92A434}.Release|Any CPU.Build.0 = Release|Any CPU
		{D7431D23-8452-4BE6-A065-F9B0F680F1DA}.Debug|Any CPU.ActiveCfg = Debug|Any CPU
		{D7431D23-8452-4BE6-A065-F9B0F680F1DA}.Debug|Any CPU.Build.0 = Debug|Any CPU
		{D7431D23-8452-4BE6-A065-F9B0F680F1DA}.Release|Any CPU.ActiveCfg = Release|Any CPU
		{D7431D23-8452-4BE6-A065-F9B0F680F1DA}.Release|Any CPU.Build.0 = Release|Any CPU
		{34C8E40E-A6E3-4E78-9872-8004241219C3}.Debug|Any CPU.ActiveCfg = Debug|Any CPU
		{34C8E40E-A6E3-4E78-9872-8004241219C3}.Debug|Any CPU.Build.0 = Debug|Any CPU
		{34C8E40E-A6E3-4E78-9872-8004241219C3}.Release|Any CPU.ActiveCfg = Release|Any CPU
		{34C8E40E-A6E3-4E78-9872-8004241219C3}.Release|Any CPU.Build.0 = Release|Any CPU
		{E0C1C235-A019-44CD-98F5-EFA41B525CA2}.Debug|Any CPU.ActiveCfg = Debug|Any CPU
		{E0C1C235-A019-44CD-98F5-EFA41B525CA2}.Debug|Any CPU.Build.0 = Debug|Any CPU
		{E0C1C235-A019-44CD-98F5-EFA41B525CA2}.Release|Any CPU.ActiveCfg = Release|Any CPU
		{E0C1C235-A019-44CD-98F5-EFA41B525CA2}.Release|Any CPU.Build.0 = Release|Any CPU
	EndGlobalSection
	GlobalSection(SolutionProperties) = preSolution
		HideSolutionNode = FALSE
	EndGlobalSection
	GlobalSection(ExtensibilityGlobals) = postSolution
		SolutionGuid = {CCA9130E-FBB1-4A2F-A1A0-7314254E9F2B}
	EndGlobalSection
EndGlobal
